github.com/go-gorp/gorp/v3 v3.1.0 h1:ItKF/Vbuj31dmV4jxA1qblpSwkl9g1typ24xoe70IGs=
github.com/go-gorp/gorp/v3 v3.1.0/go.mod h1:dLEjIyyRNiXvNZ8PSmzpt1GsWAUK8kjVhEpjH8TixEw=
github.com/rubenv/sql-migrate v1.7.1 h1:f/o0WgfO/GqNuVg+6801K/KW3WdDSupzSjDYODmiUq4=
github.com/rubenv/sql-migrate v1.7.1/go.mod h1:Ob2Psprc0/3ggbM6wCzyYVFFuc6FyZrb2AS+ezLDFb4=
